<Solution>
  <Folder Name="/src/">
    <Project Path="src/Fleetify.Core/Fleetify.Core.csproj" />
    <Project Path="src/Fleetify.Protocol/Fleetify.Protocol.csproj" />
    <Project Path="src/Fleetify.Infrastructure/Fleetify.Infrastructure.csproj" />
    <Project Path="src/Fleetify.Web/Fleetify.Web.csproj" />
    <Project Path="src/Fleetify.Gateway/Fleetify.Gateway.csproj" />
    <Project Path="src/Fleetify.Signer/Fleetify.Signer.csproj" />
    <Project Path="src/Fleetify.Workers/Fleetify.Workers.csproj" />
    <Project Path="src/Fleetify.Tools/Fleetify.Tools.csproj" />
  </Folder>
  <Folder Name="/tests/">
    <Project Path="tests/Fleetify.Testing/Fleetify.Testing.csproj" />
    <Project Path="tests/Fleetify.Infrastructure.Tests/Fleetify.Infrastructure.Tests.csproj" />
    <Project Path="tests/Fleetify.Gateway.Tests/Fleetify.Gateway.Tests.csproj" />
    <Project Path="tests/Fleetify.Signer.Tests/Fleetify.Signer.Tests.csproj" />
    <Project Path="tests/Fleetify.Workers.Tests/Fleetify.Workers.Tests.csproj" />
    <Project Path="tests/Fleetify.Web.Tests/Fleetify.Web.Tests.csproj" />
    <Project Path="tests/Fleetify.LoadTest/Fleetify.LoadTest.csproj" />
  </Folder>
</Solution>
